// !$*UTF8*$!
{
	archiveVersion = 1;
	classes = {
	};
	objectVersion = 46;
	objects = {

/* Begin PBXBuildFile section */
		7F6C02CC19219FD1008B31DF /* Foundation.framework in Frameworks */ = {isa = PBXBuildFile; fileRef = 7F6C02CB19219FD1008B31DF /* Foundation.framework */; };
		7F6C02CE19219FD1008B31DF /* CoreGraphics.framework in Frameworks */ = {isa = PBXBuildFile; fileRef = 7F6C02CD19219FD1008B31DF /* CoreGraphics.framework */; };
		7F6C02D019219FD1008B31DF /* UIKit.framework in Frameworks */ = {isa = PBXBuildFile; fileRef = 7F6C02CF19219FD1008B31DF /* UIKit.framework */; };
		7F6C02D619219FD1008B31DF /* InfoPlist.strings in Resources */ = {isa = PBXBuildFile; fileRef = 7F6C02D419219FD1008B31DF /* InfoPlist.strings */; };
		7F6C02D819219FD1008B31DF /* main.m in Sources */ = {isa = PBXBuildFile; fileRef = 7F6C02D719219FD1008B31DF /* main.m */; };
		7F6C02DC19219FD1008B31DF /* UICollectionAppDelegate.m in Sources */ = {isa = PBXBuildFile; fileRef = 7F6C02DB19219FD1008B31DF /* UICollectionAppDelegate.m */; };
		7F6C02DE19219FD1008B31DF /* Images.xcassets in Resources */ = {isa = PBXBuildFile; fileRef = 7F6C02DD19219FD1008B31DF /* Images.xcassets */; };
		7F6C02E519219FD1008B31DF /* XCTest.framework in Frameworks */ = {isa = PBXBuildFile; fileRef = 7F6C02E419219FD1008B31DF /* XCTest.framework */; };
		7F6C02E619219FD1008B31DF /* Foundation.framework in Frameworks */ = {isa = PBXBuildFile; fileRef = 7F6C02CB19219FD1008B31DF /* Foundation.framework */; };
		7F6C02E719219FD1008B31DF /* UIKit.framework in Frameworks */ = {isa = PBXBuildFile; fileRef = 7F6C02CF19219FD1008B31DF /* UIKit.framework */; };
		7F6C02EF19219FD1008B31DF /* InfoPlist.strings in Resources */ = {isa = PBXBuildFile; fileRef = 7F6C02ED19219FD1008B31DF /* InfoPlist.strings */; };
		7F6C02F119219FD1008B31DF /* EmptyprojTests.m in Sources */ = {isa = PBXBuildFile; fileRef = 7F6C02F019219FD1008B31DF /* EmptyprojTests.m */; };
/* End PBXBuildFile section */

/* Begin PBXContainerItemProxy section */
		7F6C02E819219FD1008B31DF /* PBXContainerItemProxy */ = {
			isa = PBXContainerItemProxy;
			containerPortal = 7F6C02C019219FD1008B31DF /* Project object */;
			proxyType = 1;
			remoteGlobalIDString = 7F6C02C719219FD1008B31DF;
			remoteInfo = Emptyproj;
		};
/* End PBXContainerItemProxy section */

/* Begin PBXFileReference section */
		7F6C02C819219FD1008B31DF /* Emptyproj.app */ = {isa = PBXFileReference; explicitFileType = wrapper.application; includeInIndex = 0; path = Emptyproj.app; sourceTree = BUILT_PRODUCTS_DIR; };
		7F6C02CB19219FD1008B31DF /* Foundation.framework */ = {isa = PBXFileReference; lastKnownFileType = wrapper.framework; name = Foundation.framework; path = System/Library/Frameworks/Foundation.framework; sourceTree = SDKROOT; };
		7F6C02CD19219FD1008B31DF /* CoreGraphics.framework */ = {isa = PBXFileReference; lastKnownFileType = wrapper.framework; name = CoreGraphics.framework; path = System/Library/Frameworks/CoreGraphics.framework; sourceTree = SDKROOT; };
		7F6C02CF19219FD1008B31DF /* UIKit.framework */ = {isa = PBXFileReference; lastKnownFileType = wrapper.framework; name = UIKit.framework; path = System/Library/Frameworks/UIKit.framework; sourceTree = SDKROOT; };
		7F6C02D319219FD1008B31DF /* Emptyproj-Info.plist */ = {isa = PBXFileReference; lastKnownFileType = text.plist.xml; path = "Emptyproj-Info.plist"; sourceTree = "<group>"; };
		7F6C02D519219FD1008B31DF /* en */ = {isa = PBXFileReference; lastKnownFileType = text.plist.strings; name = en; path = en.lproj/InfoPlist.strings; sourceTree = "<group>"; };
		7F6C02D719219FD1008B31DF /* main.m */ = {isa = PBXFileReference; lastKnownFileType = sourcecode.c.objc; path = main.m; sourceTree = "<group>"; };
		7F6C02D919219FD1008B31DF /* Emptyproj-Prefix.pch */ = {isa = PBXFileReference; lastKnownFileType = sourcecode.c.h; path = "Emptyproj-Prefix.pch"; sourceTree = "<group>"; };
		7F6C02DA19219FD1008B31DF /* UICollectionAppDelegate.h */ = {isa = PBXFileReference; lastKnownFileType = sourcecode.c.h; path = UICollectionAppDelegate.h; sourceTree = "<group>"; };
		7F6C02DB19219FD1008B31DF /* UICollectionAppDelegate.m */ = {isa = PBXFileReference; lastKnownFileType = sourcecode.c.objc; path = UICollectionAppDelegate.m; sourceTree = "<group>"; };
		7F6C02DD19219FD1008B31DF /* Images.xcassets */ = {isa = PBXFileReference; lastKnownFileType = folder.assetcatalog; path = Images.xcassets; sourceTree = "<group>"; };
		7F6C02E319219FD1008B31DF /* EmptyprojTests.xctest */ = {isa = PBXFileReference; explicitFileType = wrapper.cfbundle; includeInIndex = 0; path = EmptyprojTests.xctest; sourceTree = BUILT_PRODUCTS_DIR; };
		7F6C02E419219FD1008B31DF /* XCTest.framework */ = {isa = PBXFileReference; lastKnownFileType = wrapper.framework; name = XCTest.framework; path = Library/Frameworks/XCTest.framework; sourceTree = DEVELOPER_DIR; };
		7F6C02EC19219FD1008B31DF /* EmptyprojTests-Info.plist */ = {isa = PBXFileReference; lastKnownFileType = text.plist.xml; path = "EmptyprojTests-Info.plist"; sourceTree = "<group>"; };
		7F6C02EE19219FD1008B31DF /* en */ = {isa = PBXFileReference; lastKnownFileType = text.plist.strings; name = en; path = en.lproj/InfoPlist.strings; sourceTree = "<group>"; };
		7F6C02F019219FD1008B31DF /* EmptyprojTests.m */ = {isa = PBXFileReference; lastKnownFileType = sourcecode.c.objc; path = EmptyprojTests.m; sourceTree = "<group>"; };
/* End PBXFileReference section */

/* Begin PBXFrameworksBuildPhase section */
		7F6C02C519219FD1008B31DF /* Frameworks */ = {
			isa = PBXFrameworksBuildPhase;
			buildActionMask = 2147483647;
			files = (
				7F6C02CE19219FD1008B31DF /* CoreGraphics.framework in Frameworks */,
				7F6C02D019219FD1008B31DF /* UIKit.framework in Frameworks */,
				7F6C02CC19219FD1008B31DF /* Foundation.framework in Frameworks */,
			);
			runOnlyForDeploymentPostprocessing = 0;
		};
		7F6C02E019219FD1008B31DF /* Frameworks */ = {
			isa = PBXFrameworksBuildPhase;
			buildActionMask = 2147483647;
			files = (
				7F6C02E519219FD1008B31DF /* XCTest.framework in Frameworks */,
				7F6C02E719219FD1008B31DF /* UIKit.framework in Frameworks */,
				7F6C02E619219FD1008B31DF /* Foundation.framework in Frameworks */,
			);
			runOnlyForDeploymentPostprocessing = 0;
		};
/* End PBXFrameworksBuildPhase section */

/* Begin PBXGroup section */
		7F6C02BF19219FD1008B31DF = {
			isa = PBXGroup;
			children = (
				7F6C02D119219FD1008B31DF /* Emptyproj */,
				7F6C02EA19219FD1008B31DF /* EmptyprojTests */,
				7F6C02CA19219FD1008B31DF /* Frameworks */,
				7F6C02C919219FD1008B31DF /* Products */,
			);
			sourceTree = "<group>";
		};
		7F6C02C919219FD1008B31DF /* Products */ = {
			isa = PBXGroup;
			children = (
				7F6C02C819219FD1008B31DF /* Emptyproj.app */,
				7F6C02E319219FD1008B31DF /* EmptyprojTests.xctest */,
			);
			name = Products;
			sourceTree = "<group>";
		};
		7F6C02CA19219FD1008B31DF /* Frameworks */ = {
			isa = PBXGroup;
			children = (
				7F6C02CB19219FD1008B31DF /* Foundation.framework */,
				7F6C02CD19219FD1008B31DF /* CoreGraphics.framework */,
				7F6C02CF19219FD1008B31DF /* UIKit.framework */,
				7F6C02E419219FD1008B31DF /* XCTest.framework */,
			);
			name = Frameworks;
			sourceTree = "<group>";
		};
		7F6C02D119219FD1008B31DF /* Emptyproj */ = {
			isa = PBXGroup;
			children = (
				7F6C02DA19219FD1008B31DF /* UICollectionAppDelegate.h */,
				7F6C02DB19219FD1008B31DF /* UICollectionAppDelegate.m */,
				7F6C02DD19219FD1008B31DF /* Images.xcassets */,
				7F6C02D219219FD1008B31DF /* Supporting Files */,
			);
			path = Emptyproj;
			sourceTree = "<group>";
		};
		7F6C02D219219FD1008B31DF /* Supporting Files */ = {
			isa = PBXGroup;
			children = (
				7F6C02D319219FD1008B31DF /* Emptyproj-Info.plist */,
				7F6C02D419219FD1008B31DF /* InfoPlist.strings */,
				7F6C02D719219FD1008B31DF /* main.m */,
				7F6C02D919219FD1008B31DF /* Emptyproj-Prefix.pch */,
			);
			name = "Supporting Files";
			sourceTree = "<group>";
		};
		7F6C02EA19219FD1008B31DF /* EmptyprojTests */ = {
			isa = PBXGroup;
			children = (
				7F6C02F019219FD1008B31DF /* EmptyprojTests.m */,
				7F6C02EB19219FD1008B31DF /* Supporting Files */,
			);
			path = EmptyprojTests;
			sourceTree = "<group>";
		};
		7F6C02EB19219FD1008B31DF /* Supporting Files */ = {
			isa = PBXGroup;
			children = (
				7F6C02EC19219FD1008B31DF /* EmptyprojTests-Info.plist */,
				7F6C02ED19219FD1008B31DF /* InfoPlist.strings */,
			);
			name = "Supporting Files";
			sourceTree = "<group>";
		};
/* End PBXGroup section */

/* Begin PBXNativeTarget section */
		7F6C02C719219FD1008B31DF /* Emptyproj */ = {
			isa = PBXNativeTarget;
			buildConfigurationList = 7F6C02F419219FD1008B31DF /* Build configuration list for PBXNativeTarget "Emptyproj" */;
			buildPhases = (
				7F6C02C419219FD1008B31DF /* Sources */,
				7F6C02C519219FD1008B31DF /* Frameworks */,
				7F6C02C619219FD1008B31DF /* Resources */,
			);
			buildRules = (
			);
			dependencies = (
			);
			name = Emptyproj;
			productName = Emptyproj;
			productReference = 7F6C02C819219FD1008B31DF /* Emptyproj.app */;
			productType = "com.apple.product-type.application";
		};
		7F6C02E219219FD1008B31DF /* EmptyprojTests */ = {
			isa = PBXNativeTarget;
			buildConfigurationList = 7F6C02F719219FD1008B31DF /* Build configuration list for PBXNativeTarget "EmptyprojTests" */;
			buildPhases = (
				7F6C02DF19219FD1008B31DF /* Sources */,
				7F6C02E019219FD1008B31DF /* Frameworks */,
				7F6C02E119219FD1008B31DF /* Resources */,
			);
			buildRules = (
			);
			dependencies = (
				7F6C02E919219FD1008B31DF /* PBXTargetDependency */,
			);
			name = EmptyprojTests;
			productName = EmptyprojTests;
			productReference = 7F6C02E319219FD1008B31DF /* EmptyprojTests.xctest */;
			productType = "com.apple.product-type.bundle.unit-test";
		};
/* End PBXNativeTarget section */

/* Begin PBXProject section */
		7F6C02C019219FD1008B31DF /* Project object */ = {
			isa = PBXProject;
			attributes = {
				CLASSPREFIX = UICollection;
				LastUpgradeCheck = 0510;
				ORGANIZATIONNAME = GMolton;
				TargetAttributes = {
					7F6C02E219219FD1008B31DF = {
						TestTargetID = 7F6C02C719219FD1008B31DF;
					};
				};
			};
			buildConfigurationList = 7F6C02C319219FD1008B31DF /* Build configuration list for PBXProject "Emptyproj" */;
			compatibilityVersion = "Xcode 3.2";
			developmentRegion = English;
			hasScannedForEncodings = 0;
			knownRegions = (
				en,
			);
			mainGroup = 7F6C02BF19219FD1008B31DF;
			productRefGroup = 7F6C02C919219FD1008B31DF /* Products */;
			projectDirPath = "";
			projectRoot = "";
			targets = (
				7F6C02C719219FD1008B31DF /* Emptyproj */,
				7F6C02E219219FD1008B31DF /* EmptyprojTests */,
			);
		};
/* End PBXProject section */

/* Begin PBXResourcesBuildPhase section */
		7F6C02C619219FD1008B31DF /* Resources */ = {
			isa = PBXResourcesBuildPhase;
			buildActionMask = 2147483647;
			files = (
				7F6C02D619219FD1008B31DF /* InfoPlist.strings in Resources */,
				7F6C02DE19219FD1008B31DF /* Images.xcassets in Resources */,
			);
			runOnlyForDeploymentPostprocessing = 0;
		};
		7F6C02E119219FD1008B31DF /* Resources */ = {
			isa = PBXResourcesBuildPhase;
			buildActionMask = 2147483647;
			files = (
				7F6C02EF19219FD1008B31DF /* InfoPlist.strings in Resources */,
			);
			runOnlyForDeploymentPostprocessing = 0;
		};
/* End PBXResourcesBuildPhase section */

/* Begin PBXSourcesBuildPhase section */
		7F6C02C419219FD1008B31DF /* Sources */ = {
			isa = PBXSourcesBuildPhase;
			buildActionMask = 2147483647;
			files = (
				7F6C02DC19219FD1008B31DF /* UICollectionAppDelegate.m in Sources */,
				7F6C02D819219FD1008B31DF /* main.m in Sources */,
			);
			runOnlyForDeploymentPostprocessing = 0;
		};
		7F6C02DF19219FD1008B31DF /* Sources */ = {
			isa = PBXSourcesBuildPhase;
			buildActionMask = 2147483647;
			files = (
				7F6C02F119219FD1008B31DF /* EmptyprojTests.m in Sources */,
			);
			runOnlyForDeploymentPostprocessing = 0;
		};
/* End PBXSourcesBuildPhase section */

/* Begin PBXTargetDependency section */
		7F6C02E919219FD1008B31DF /* PBXTargetDependency */ = {
			isa = PBXTargetDependency;
			target = 7F6C02C719219FD1008B31DF /* Emptyproj */;
			targetProxy = 7F6C02E819219FD1008B31DF /* PBXContainerItemProxy */;
		};
/* End PBXTargetDependency section */

/* Begin PBXVariantGroup section */
		7F6C02D419219FD1008B31DF /* InfoPlist.strings */ = {
			isa = PBXVariantGroup;
			children = (
				7F6C02D519219FD1008B31DF /* en */,
			);
			name = InfoPlist.strings;
			sourceTree = "<group>";
		};
		7F6C02ED19219FD1008B31DF /* InfoPlist.strings */ = {
			isa = PBXVariantGroup;
			children = (
				7F6C02EE19219FD1008B31DF /* en */,
			);
			name = InfoPlist.strings;
			sourceTree = "<group>";
		};
/* End PBXVariantGroup section */

/* Begin XCBuildConfiguration section */
		7F6C02F219219FD1008B31DF /* Debug */ = {
			isa = XCBuildConfiguration;
			buildSettings = {
				ALWAYS_SEARCH_USER_PATHS = NO;
				CLANG_CXX_LANGUAGE_STANDARD = "gnu++0x";
				CLANG_CXX_LIBRARY = "libc++";
				CLANG_ENABLE_MODULES = YES;
				CLANG_ENABLE_OBJC_ARC = YES;
				CLANG_WARN_BOOL_CONVERSION = YES;
				CLANG_WARN_CONSTANT_CONVERSION = YES;
				CLANG_WARN_DIRECT_OBJC_ISA_USAGE = YES_ERROR;
				CLANG_WARN_EMPTY_BODY = YES;
				CLANG_WARN_ENUM_CONVERSION = YES;
				CLANG_WARN_INT_CONVERSION = YES;
				CLANG_WARN_OBJC_ROOT_CLASS = YES_ERROR;
				CLANG_WARN__DUPLICATE_METHOD_MATCH = YES;
				"CODE_SIGN_IDENTITY[sdk=iphoneos*]" = "iPhone Developer";
				COPY_PHASE_STRIP = NO;
				GCC_C_LANGUAGE_STANDARD = gnu99;
				GCC_DYNAMIC_NO_PIC = NO;
				GCC_OPTIMIZATION_LEVEL = 0;
				GCC_PREPROCESSOR_DEFINITIONS = (
					"DEBUG=1",
					"$(inherited)",
				);
				GCC_SYMBOLS_PRIVATE_EXTERN = NO;
				GCC_WARN_64_TO_32_BIT_CONVERSION = YES;
				GCC_WARN_ABOUT_RETURN_TYPE = YES_ERROR;
				GCC_WARN_UNDECLARED_SELECTOR = YES;
				GCC_WARN_UNINITIALIZED_AUTOS = YES_AGGRESSIVE;
				GCC_WARN_UNUSED_FUNCTION = YES;
				GCC_WARN_UNUSED_VARIABLE = YES;
				IPHONEOS_DEPLOYMENT_TARGET = 7.1;
				ONLY_ACTIVE_ARCH = YES;
				SDKROOT = iphoneos;
			};
			name = Debug;
		};
		7F6C02F319219FD1008B31DF /* Release */ = {
			isa = XCBuildConfiguration;
			buildSettings = {
				ALWAYS_SEARCH_USER_PATHS = NO;
				CLANG_CXX_LANGUAGE_STANDARD = "gnu++0x";
				CLANG_CXX_LIBRARY = "libc++";
				CLANG_ENABLE_MODULES = YES;
				CLANG_ENABLE_OBJC_ARC = YES;
				CLANG_WARN_BOOL_CONVERSION = YES;
				CLANG_WARN_CONSTANT_CONVERSION = YES;
				CLANG_WARN_DIRECT_OBJC_ISA_USAGE = YES_ERROR;
				CLANG_WARN_EMPTY_BODY = YES;
				CLANG_WARN_ENUM_CONVERSION = YES;
				CLANG_WARN_INT_CONVERSION = YES;
				CLANG_WARN_OBJC_ROOT_CLASS = YES_ERROR;
				CLANG_WARN__DUPLICATE_METHOD_MATCH = YES;
				"CODE_SIGN_IDENTITY[sdk=iphoneos*]" = "iPhone Developer";
				COPY_PHASE_STRIP = YES;
				ENABLE_NS_ASSERTIONS = NO;
				GCC_C_LANGUAGE_STANDARD = gnu99;
				GCC_WARN_64_TO_32_BIT_CONVERSION = YES;
				GCC_WARN_ABOUT_RETURN_TYPE = YES_ERROR;
				GCC_WARN_UNDECLARED_SELECTOR = YES;
				GCC_WARN_UNINITIALIZED_AUTOS = YES_AGGRESSIVE;
				GCC_WARN_UNUSED_FUNCTION = YES;
				GCC_WARN_UNUSED_VARIABLE = YES;
				IPHONEOS_DEPLOYMENT_TARGET = 7.1;
				SDKROOT = iphoneos;
				VALIDATE_PRODUCT = YES;
			};
			name = Release;
		};
		7F6C02F519219FD1008B31DF /* Debug */ = {
			isa = XCBuildConfiguration;
			buildSettings = {
				ASSETCATALOG_COMPILER_APPICON_NAME = AppIcon;
				ASSETCATALOG_COMPILER_LAUNCHIMAGE_NAME = LaunchImage;
				GCC_PRECOMPILE_PREFIX_HEADER = YES;
				GCC_PREFIX_HEADER = "Emptyproj/Emptyproj-Prefix.pch";
				INFOPLIST_FILE = "Emptyproj/Emptyproj-Info.plist";
				PRODUCT_NAME = "$(TARGET_NAME)";
				WRAPPER_EXTENSION = app;
			};
			name = Debug;
		};
		7F6C02F619219FD1008B31DF /* Release */ = {
			isa = XCBuildConfiguration;
			buildSettings = {
				ASSETCATALOG_COMPILER_APPICON_NAME = AppIcon;
				ASSETCATALOG_COMPILER_LAUNCHIMAGE_NAME = LaunchImage;
				GCC_PRECOMPILE_PREFIX_HEADER = YES;
				GCC_PREFIX_HEADER = "Emptyproj/Emptyproj-Prefix.pch";
				INFOPLIST_FILE = "Emptyproj/Emptyproj-Info.plist";
				PRODUCT_NAME = "$(TARGET_NAME)";
				WRAPPER_EXTENSION = app;
			};
			name = Release;
		};
		7F6C02F819219FD1008B31DF /* Debug */ = {
			isa = XCBuildConfiguration;
			buildSettings = {
				BUNDLE_LOADER = "$(BUILT_PRODUCTS_DIR)/Emptyproj.app/Emptyproj";
				FRAMEWORK_SEARCH_PATHS = (
					"$(SDKROOT)/Developer/Library/Frameworks",
					"$(inherited)",
					"$(DEVELOPER_FRAMEWORKS_DIR)",
				);
				GCC_PRECOMPILE_PREFIX_HEADER = YES;
				GCC_PREFIX_HEADER = "Emptyproj/Emptyproj-Prefix.pch";
				GCC_PREPROCESSOR_DEFINITIONS = (
					"DEBUG=1",
					"$(inherited)",
				);
				INFOPLIST_FILE = "EmptyprojTests/EmptyprojTests-Info.plist";
				PRODUCT_NAME = "$(TARGET_NAME)";
				TEST_HOST = "$(BUNDLE_LOADER)";
				WRAPPER_EXTENSION = xctest;
			};
			name = Debug;
		};
		7F6C02F919219FD1008B31DF /* Release */ = {
			isa = XCBuildConfiguration;
			buildSettings = {
				BUNDLE_LOADER = "$(BUILT_PRODUCTS_DIR)/Emptyproj.app/Emptyproj";
				FRAMEWORK_SEARCH_PATHS = (
					"$(SDKROOT)/Developer/Library/Frameworks",
					"$(inherited)",
					"$(DEVELOPER_FRAMEWORKS_DIR)",
				);
				GCC_PRECOMPILE_PREFIX_HEADER = YES;
				GCC_PREFIX_HEADER = "Emptyproj/Emptyproj-Prefix.pch";
				INFOPLIST_FILE = "EmptyprojTests/EmptyprojTests-Info.plist";
				PRODUCT_NAME = "$(TARGET_NAME)";
				TEST_HOST = "$(BUNDLE_LOADER)";
				WRAPPER_EXTENSION = xctest;
			};
			name = Release;
		};
/* End XCBuildConfiguration section */

/* Begin XCConfigurationList section */
		7F6C02C319219FD1008B31DF /* Build configuration list for PBXProject "Emptyproj" */ = {
			isa = XCConfigurationList;
			buildConfigurations = (
				7F6C02F219219FD1008B31DF /* Debug */,
				7F6C02F319219FD1008B31DF /* Release */,
			);
			defaultConfigurationIsVisible = 0;
			defaultConfigurationName = Release;
		};
		7F6C02F419219FD1008B31DF /* Build configuration list for PBXNativeTarget "Emptyproj" */ = {
			isa = XCConfigurationList;
			buildConfigurations = (
				7F6C02F519219FD1008B31DF /* Debug */,
				7F6C02F619219FD1008B31DF /* Release */,
			);
			defaultConfigurationIsVisible = 0;
		};
		7F6C02F719219FD1008B31DF /* Build configuration list for PBXNativeTarget "EmptyprojTests" */ = {
			isa = XCConfigurationList;
			buildConfigurations = (
				7F6C02F819219FD1008B31DF /* Debug */,
				7F6C02F919219FD1008B31DF /* Release */,
			);
			defaultConfigurationIsVisible = 0;
		};
/* End XCConfigurationList section */
	};
	rootObject = 7F6C02C019219FD1008B31DF /* Project object */;
}
